
Microsoft Visual Studio Solution File, Format Version 12.00
# Visual Studio Version 17
VisualStudioVersion = 17.11.35219.272
MinimumVisualStudioVersion = 10.0.40219.1
Project("{FAE04EC0-301F-11D3-BF4B-00C04F79EFBC}") = "WebContext", "WebContext.csproj", "{4E501744-D7B6-4AAD-B96C-741E0DF9B203}"
EndProject
Global
	GlobalSection(SolutionConfigurationPlatforms) = preSolution
		Debug|Any CPU = Debug|Any CPU
		Release|Any CPU = Release|Any CPU
	EndGlobalSection
	GlobalSection(ProjectConfigurationPlatforms) = postSolution
		{4E501744-D7B6-4AAD-B96C-741E0DF9B203}.Debug|Any CPU.ActiveCfg = Debug|Any CPU
		{4E501744-D7B6-4AAD-B96C-741E0DF9B203}.Debug|Any CPU.Build.0 = Debug|Any CPU
		{4E501744-D7B6-4AAD-B96C-741E0DF9B203}.Release|Any CPU.ActiveCfg = Release|Any CPU
		{4E501744-D7B6-4AAD-B96C-741E0DF9B203}.Release|Any CPU.Build.0 = Release|Any CPU
	EndGlobalSection
	GlobalSection(SolutionProperties) = preSolution
		HideSolutionNode = FALSE
	EndGlobalSection
	GlobalSection(ExtensibilityGlobals) = postSolution
		SolutionGuid = {B5745C75-7F1E-4894-8A6D-07D7575202F9}
	EndGlobalSection
EndGlobal
